<?xml version="1.0" encoding="utf-8"?>
<Project ToolsVersion="4.0" xmlns="http://schemas.microsoft.com/developer/msbuild/2003">
  <ItemGroup>
    <ClInclude Include="inject.h" />
    <ClInclude Include="resource.h" />
    <ClInclude Include="trng\structures.h">
      <Filter>trng</Filter>
    </ClInclude>
    <ClInclude Include="trng\Tomb_NextGeneration.h">
      <Filter>trng</Filter>
    </ClInclude>
    <ClInclude Include="trng\bass.h">
      <Filter>trng</Filter>
    </ClInclude>
    <ClInclude Include="tomb4\game\croc.h">
      <Filter>tomb4\game</Filter>
    </ClInclude>
    <ClInclude Include="tomb4\game\lara.h">
      <Filter>tomb4\game</Filter>
    </ClInclude>
    <ClInclude Include="tomb4\game\sound.h">
      <Filter>tomb4\game</Filter>
    </ClInclude>
    <ClInclude Include="tomb4\game\draw.h">
      <Filter>tomb4\game</Filter>
    </ClInclude>
    <ClInclude Include="tomb4\game\tomb4fx.h">
      <Filter>tomb4\game</Filter>
    </ClInclude>
    <ClInclude Include="tomb4\specific\function_stubs.h">
      <Filter>tomb4\specific</Filter>
    </ClInclude>
    <ClInclude Include="tomb4\specific\3dmath.h">
      <Filter>tomb4\specific</Filter>
    </ClInclude>
    <ClInclude Include="tomb4\specific\file.h">
      <Filter>tomb4\specific</Filter>
    </ClInclude>
    <ClInclude Include="tomb4\game\objects.h">
      <Filter>tomb4\game</Filter>
    </ClInclude>
    <ClInclude Include="tomb4\game\control.h">
      <Filter>tomb4\game</Filter>
    </ClInclude>
    <ClInclude Include="tomb4\game\laraskin.h">
      <Filter>tomb4\game</Filter>
    </ClInclude>
    <ClInclude Include="tomb4\game\setup.h">
      <Filter>tomb4\game</Filter>
    </ClInclude>
    <ClInclude Include="tomb4\specific\drawroom.h">
      <Filter>tomb4\specific</Filter>
    </ClInclude>
    <ClInclude Include="trng\zPatchesTomb4.h">
      <Filter>trng</Filter>
    </ClInclude>
    <ClInclude Include="trng\DefTomb4Funct.h">
      <Filter>trng</Filter>
    </ClInclude>
    <ClInclude Include="trng\MyStructures.h">
      <Filter>trng</Filter>
    </ClInclude>
    <ClInclude Include="trng\MyConstants.h">
      <Filter>trng</Filter>
    </ClInclude>
    <ClInclude Include="trng\trng_elevator.h">
      <Filter>trng</Filter>
    </ClInclude>
    <ClInclude Include="tomb4\game\collide.h">
      <Filter>tomb4\game</Filter>
    </ClInclude>
    <ClInclude Include="trng\Oggetti.h">
      <Filter>trng</Filter>
    </ClInclude>
    <ClInclude Include="tomb4\game\savegame.h">
      <Filter>tomb4\game</Filter>
    </ClInclude>
    <ClInclude Include="tomb4\game\newinv.h">
      <Filter>tomb4\game</Filter>
    </ClInclude>
    <ClInclude Include="tomb4\game\traps.h">
      <Filter>tomb4\game</Filter>
    </ClInclude>
    <ClInclude Include="tomb4\game\switch.h">
      <Filter>tomb4\game</Filter>
    </ClInclude>
    <ClInclude Include="tomb4\game\camera.h">
      <Filter>tomb4\game</Filter>
    </ClInclude>
    <ClInclude Include="tomb4\game\spotcam.h">
      <Filter>tomb4\game</Filter>
    </ClInclude>
    <ClInclude Include="tomb4\game\senet.h">
      <Filter>tomb4\game</Filter>
    </ClInclude>
    <ClInclude Include="tomb4\game\scarab.h">
      <Filter>tomb4\game</Filter>
    </ClInclude>
    <ClInclude Include="tomb4\game\gameflow.h">
      <Filter>tomb4\game</Filter>
    </ClInclude>
    <ClInclude Include="tomb4\game\voncroy.h">
      <Filter>tomb4\game</Filter>
    </ClInclude>
    <ClInclude Include="tomb4\game\rope.h">
      <Filter>tomb4\game</Filter>
    </ClInclude>
    <ClInclude Include="trng\zRoomEditor.h">
      <Filter>trng</Filter>
    </ClInclude>
    <ClInclude Include="tomb4\types.h">
      <Filter>tomb4</Filter>
    </ClInclude>
    <ClInclude Include="trng\ListTr4Patch.h">
      <Filter>trng</Filter>
    </ClInclude>
    <ClInclude Include="trng\plugin.h">
      <Filter>trng</Filter>
    </ClInclude>
    <ClInclude Include="tomb4\specific\winmain.h">
      <Filter>tomb4\specific</Filter>
    </ClInclude>
    <ClInclude Include="tomb4\specific\dxshell.h">
      <Filter>tomb4\specific</Filter>
    </ClInclude>
    <ClInclude Include="trng\trng_weather.h">
      <Filter>trng</Filter>
    </ClInclude>
    <ClInclude Include="tomb4\specific\input.h">
      <Filter>tomb4\specific</Filter>
    </ClInclude>
    <ClInclude Include="tomb4\game\text.h">
      <Filter>tomb4\game</Filter>
    </ClInclude>
    <ClInclude Include="tomb4\specific\LoadSave.h">
      <Filter>tomb4\specific</Filter>
    </ClInclude>
    <ClInclude Include="tomb4\game\lara2gun.h">
      <Filter>tomb4\game</Filter>
    </ClInclude>
    <ClInclude Include="tomb4\game\effects.h">
      <Filter>tomb4\game</Filter>
    </ClInclude>
    <ClInclude Include="tomb4\specific\audio.h">
      <Filter>tomb4\specific</Filter>
    </ClInclude>
    <ClInclude Include="tomb4\specific\output.h">
      <Filter>tomb4\specific</Filter>
    </ClInclude>
    <ClInclude Include="tomb4\specific\polyinsert.h">
      <Filter>tomb4\specific</Filter>
    </ClInclude>
    <ClInclude Include="tomb4\game\pickup.h">
      <Filter>tomb4\game</Filter>
    </ClInclude>
    <ClInclude Include="tomb4\game\deltapak.h">
      <Filter>tomb4\game</Filter>
    </ClInclude>
    <ClInclude Include="tomb4\specific\gamemain.h">
      <Filter>tomb4\specific</Filter>
    </ClInclude>
    <ClInclude Include="tomb4\game\effect2.h">
      <Filter>tomb4\game</Filter>
    </ClInclude>
    <ClInclude Include="tomb4\game\sphere.h">
      <Filter>tomb4\game</Filter>
    </ClInclude>
    <ClInclude Include="tomb4\game\items.h">
      <Filter>tomb4\game</Filter>
    </ClInclude>
    <ClInclude Include="tomb4\game\box.h">
      <Filter>tomb4\game</Filter>
    </ClInclude>
    <ClInclude Include="tomb4\game\laramisc.h">
      <Filter>tomb4\game</Filter>
    </ClInclude>
    <ClInclude Include="tomb4\game\hair.h">
      <Filter>tomb4\game</Filter>
    </ClInclude>
    <ClInclude Include="tomb4\game\debris.h">
      <Filter>tomb4\game</Filter>
    </ClInclude>
    <ClInclude Include="tomb4\game\health.h">
      <Filter>tomb4\game</Filter>
    </ClInclude>
    <ClInclude Include="trng\trng_flipeffects.h">
      <Filter>trng</Filter>
    </ClInclude>
    <ClInclude Include="trng\RoomEditor.h">
      <Filter>trng</Filter>
    </ClInclude>
    <ClInclude Include="tomb4\specific\specificfx.h">
      <Filter>tomb4\specific</Filter>
    </ClInclude>
    <ClInclude Include="tomb4\specific\time.h">
      <Filter>tomb4\specific</Filter>
    </ClInclude>
    <ClInclude Include="tomb4\game\delstuff.h">
      <Filter>tomb4\game</Filter>
    </ClInclude>
    <ClInclude Include="tomb4\game\bike.h">
      <Filter>tomb4\game</Filter>
    </ClInclude>
    <ClInclude Include="tomb4\specific\cmdline.h">
      <Filter>tomb4\specific</Filter>
    </ClInclude>
    <ClInclude Include="tomb4\game\lara1gun.h">
      <Filter>tomb4\game</Filter>
    </ClInclude>
    <ClInclude Include="trng\trng_keypad.h">
      <Filter>trng</Filter>
    </ClInclude>
    <ClInclude Include="flep\patches\types.h">
      <Filter>flep\patches</Filter>
    </ClInclude>
    <ClInclude Include="flep\PlugIn_trng.h">
      <Filter>flep</Filter>
    </ClInclude>
    <ClInclude Include="flep\structures_mine.h">
      <Filter>flep</Filter>
    </ClInclude>
    <ClInclude Include="flep\patches\vehicles.h">
      <Filter>flep\patches</Filter>
    </ClInclude>
    <ClInclude Include="flep\patches\minecart.h">
      <Filter>flep\patches</Filter>
    </ClInclude>
    <ClInclude Include="flep\patches\quadbike.h">
      <Filter>flep\patches</Filter>
    </ClInclude>
    <ClInclude Include="flep\patches\sub.h">
      <Filter>flep\patches</Filter>
    </ClInclude>
    <ClInclude Include="flep\patches\shader.h">
      <Filter>flep\patches</Filter>
    </ClInclude>
    <ClInclude Include="plugin\flycheat\PlugIn_trng.h">
      <Filter>plugin\flycheat</Filter>
    </ClInclude>
    <ClInclude Include="plugin\flycheat\constants_mine.h">
      <Filter>plugin\flycheat</Filter>
    </ClInclude>
    <ClInclude Include="plugin\flycheat\trng.h">
      <Filter>plugin\flycheat</Filter>
    </ClInclude>
    <ClInclude Include="plugin\particlesystem\trng\trng.h">
      <Filter>plugin\particlesystem\trng</Filter>
    </ClInclude>
    <ClInclude Include="plugin\particlesystem\Plugin_ParticleSystem.h">
      <Filter>plugin\particlesystem</Filter>
    </ClInclude>
    <ClInclude Include="tomb4\specific\registry.h">
      <Filter>tomb4\specific</Filter>
    </ClInclude>
    <ClInclude Include="tomb4\specific\function_table.h">
      <Filter>tomb4\specific</Filter>
    </ClInclude>
    <ClInclude Include="tomb4\game\init.h">
      <Filter>tomb4\game</Filter>
    </ClInclude>
    <ClInclude Include="tomb4\game\train.h">
      <Filter>tomb4\game</Filter>
    </ClInclude>
  </ItemGroup>
  <ItemGroup>
    <ClCompile Include="dllmain.cpp" />
    <ClCompile Include="tomb4\game\croc.cpp">
      <Filter>tomb4\game</Filter>
    </ClCompile>
    <ClCompile Include="tomb4\game\lara.cpp">
      <Filter>tomb4\game</Filter>
    </ClCompile>
    <ClCompile Include="tomb4\game\sound.cpp">
      <Filter>tomb4\game</Filter>
    </ClCompile>
    <ClCompile Include="tomb4\game\draw.cpp">
      <Filter>tomb4\game</Filter>
    </ClCompile>
    <ClCompile Include="tomb4\game\tomb4fx.cpp">
      <Filter>tomb4\game</Filter>
    </ClCompile>
    <ClCompile Include="tomb4\specific\function_stubs.cpp">
      <Filter>tomb4\specific</Filter>
    </ClCompile>
    <ClCompile Include="tomb4\specific\3dmath.cpp">
      <Filter>tomb4\specific</Filter>
    </ClCompile>
    <ClCompile Include="trng\Tomb_NextGeneration.cpp">
      <Filter>trng</Filter>
    </ClCompile>
    <ClCompile Include="tomb4\specific\file.cpp">
      <Filter>tomb4\specific</Filter>
    </ClCompile>
    <ClCompile Include="tomb4\game\objects.cpp">
      <Filter>tomb4\game</Filter>
    </ClCompile>
    <ClCompile Include="tomb4\game\control.cpp">
      <Filter>tomb4\game</Filter>
    </ClCompile>
    <ClCompile Include="tomb4\game\laraskin.cpp">
      <Filter>tomb4\game</Filter>
    </ClCompile>
    <ClCompile Include="tomb4\game\setup.cpp">
      <Filter>tomb4\game</Filter>
    </ClCompile>
    <ClCompile Include="tomb4\specific\drawroom.cpp">
      <Filter>tomb4\specific</Filter>
    </ClCompile>
    <ClCompile Include="trng\zPatchesTomb4.cpp">
      <Filter>trng</Filter>
    </ClCompile>
    <ClCompile Include="trng\trng_elevator.cpp">
      <Filter>trng</Filter>
    </ClCompile>
    <ClCompile Include="tomb4\game\collide.cpp">
      <Filter>tomb4\game</Filter>
    </ClCompile>
    <ClCompile Include="trng\Oggetti.cpp">
      <Filter>trng</Filter>
    </ClCompile>
    <ClCompile Include="tomb4\game\savegame.cpp">
      <Filter>tomb4\game</Filter>
    </ClCompile>
    <ClCompile Include="tomb4\game\newinv.cpp">
      <Filter>tomb4\game</Filter>
    </ClCompile>
    <ClCompile Include="tomb4\game\traps.cpp">
      <Filter>tomb4\game</Filter>
    </ClCompile>
    <ClCompile Include="tomb4\game\switch.cpp">
      <Filter>tomb4\game</Filter>
    </ClCompile>
    <ClCompile Include="tomb4\game\camera.cpp">
      <Filter>tomb4\game</Filter>
    </ClCompile>
    <ClCompile Include="tomb4\game\spotcam.cpp">
      <Filter>tomb4\game</Filter>
    </ClCompile>
    <ClCompile Include="tomb4\game\senet.cpp">
      <Filter>tomb4\game</Filter>
    </ClCompile>
    <ClCompile Include="tomb4\game\scarab.cpp">
      <Filter>tomb4\game</Filter>
    </ClCompile>
    <ClCompile Include="tomb4\game\gameflow.cpp">
      <Filter>tomb4\game</Filter>
    </ClCompile>
    <ClCompile Include="tomb4\game\voncroy.cpp">
      <Filter>tomb4\game</Filter>
    </ClCompile>
    <ClCompile Include="tomb4\game\rope.cpp">
      <Filter>tomb4\game</Filter>
    </ClCompile>
    <ClCompile Include="trng\zRoomEditor.cpp">
      <Filter>trng</Filter>
    </ClCompile>
    <ClCompile Include="trng\ListTr4Patch.cpp">
      <Filter>trng</Filter>
    </ClCompile>
    <ClCompile Include="trng\plugin.cpp">
      <Filter>trng</Filter>
    </ClCompile>
    <ClCompile Include="tomb4\specific\winmain.cpp">
      <Filter>tomb4\specific</Filter>
    </ClCompile>
    <ClCompile Include="tomb4\specific\dxshell.cpp">
      <Filter>tomb4\specific</Filter>
    </ClCompile>
    <ClCompile Include="trng\trng_weather.cpp">
      <Filter>trng</Filter>
    </ClCompile>
    <ClCompile Include="tomb4\specific\input.cpp">
      <Filter>tomb4\specific</Filter>
    </ClCompile>
    <ClCompile Include="tomb4\game\text.cpp">
      <Filter>tomb4\game</Filter>
    </ClCompile>
    <ClCompile Include="tomb4\specific\LoadSave.cpp">
      <Filter>tomb4\specific</Filter>
    </ClCompile>
    <ClCompile Include="tomb4\game\lara2gun.cpp">
      <Filter>tomb4\game</Filter>
    </ClCompile>
    <ClCompile Include="tomb4\game\effects.cpp">
      <Filter>tomb4\game</Filter>
    </ClCompile>
    <ClCompile Include="tomb4\specific\audio.cpp">
      <Filter>tomb4\specific</Filter>
    </ClCompile>
    <ClCompile Include="tomb4\specific\output.cpp">
      <Filter>tomb4\specific</Filter>
    </ClCompile>
    <ClCompile Include="tomb4\specific\polyinsert.cpp">
      <Filter>tomb4\specific</Filter>
    </ClCompile>
    <ClCompile Include="tomb4\game\pickup.cpp">
      <Filter>tomb4\game</Filter>
    </ClCompile>
    <ClCompile Include="tomb4\game\deltapak.cpp">
      <Filter>tomb4\game</Filter>
    </ClCompile>
    <ClCompile Include="tomb4\specific\gamemain.cpp">
      <Filter>tomb4\specific</Filter>
    </ClCompile>
    <ClCompile Include="tomb4\game\effect2.cpp">
      <Filter>tomb4\game</Filter>
    </ClCompile>
    <ClCompile Include="tomb4\game\sphere.cpp">
      <Filter>tomb4\game</Filter>
    </ClCompile>
    <ClCompile Include="tomb4\game\items.cpp">
      <Filter>tomb4\game</Filter>
    </ClCompile>
    <ClCompile Include="tomb4\game\box.cpp">
      <Filter>tomb4\game</Filter>
    </ClCompile>
    <ClCompile Include="tomb4\game\laramisc.cpp">
      <Filter>tomb4\game</Filter>
    </ClCompile>
    <ClCompile Include="tomb4\game\hair.cpp">
      <Filter>tomb4\game</Filter>
    </ClCompile>
    <ClCompile Include="tomb4\game\debris.cpp">
      <Filter>tomb4\game</Filter>
    </ClCompile>
    <ClCompile Include="tomb4\game\health.cpp">
      <Filter>tomb4\game</Filter>
    </ClCompile>
    <ClCompile Include="trng\trng_flipeffects.cpp">
      <Filter>trng</Filter>
    </ClCompile>
    <ClCompile Include="tomb4\specific\specificfx.cpp">
      <Filter>tomb4\specific</Filter>
    </ClCompile>
    <ClCompile Include="tomb4\specific\time.cpp">
      <Filter>tomb4\specific</Filter>
    </ClCompile>
    <ClCompile Include="tomb4\game\delstuff.cpp">
      <Filter>tomb4\game</Filter>
    </ClCompile>
    <ClCompile Include="tomb4\game\bike.cpp">
      <Filter>tomb4\game</Filter>
    </ClCompile>
    <ClCompile Include="tomb4\specific\cmdline.cpp">
      <Filter>tomb4\specific</Filter>
    </ClCompile>
    <ClCompile Include="tomb4\game\lara1gun.cpp">
      <Filter>tomb4\game</Filter>
    </ClCompile>
    <ClCompile Include="trng\trng_keypad.cpp">
      <Filter>trng</Filter>
    </ClCompile>
    <ClCompile Include="flep\PlugIn_trng.cpp">
      <Filter>flep</Filter>
    </ClCompile>
    <ClCompile Include="flep\patches\vehicles.cpp">
      <Filter>flep\patches</Filter>
    </ClCompile>
    <ClCompile Include="flep\patches\minecart.cpp">
      <Filter>flep\patches</Filter>
    </ClCompile>
    <ClCompile Include="flep\patches\quadbike.cpp">
      <Filter>flep\patches</Filter>
    </ClCompile>
    <ClCompile Include="flep\patches\sub.cpp">
      <Filter>flep\patches</Filter>
    </ClCompile>
    <ClCompile Include="flep\patches\shader.cpp">
      <Filter>flep\patches</Filter>
    </ClCompile>
    <ClCompile Include="plugin\flycheat\PlugIn_trng.cpp">
      <Filter>plugin\flycheat</Filter>
    </ClCompile>
    <ClCompile Include="plugin\flycheat\trng.cpp">
      <Filter>plugin\flycheat</Filter>
    </ClCompile>
    <ClCompile Include="plugin\particlesystem\trng\trng.cpp">
      <Filter>plugin\particlesystem\trng</Filter>
    </ClCompile>
    <ClCompile Include="plugin\particlesystem\Plugin_ParticleSystem.cpp">
      <Filter>plugin\particlesystem</Filter>
    </ClCompile>
    <ClCompile Include="tomb4\specific\registry.cpp">
      <Filter>tomb4\specific</Filter>
    </ClCompile>
    <ClCompile Include="tomb4\specific\function_table.cpp">
      <Filter>tomb4\specific</Filter>
    </ClCompile>
    <ClCompile Include="tomb4\game\init.cpp">
      <Filter>tomb4\game</Filter>
    </ClCompile>
    <ClCompile Include="tomb4\game\train.cpp">
      <Filter>tomb4\game</Filter>
    </ClCompile>
  </ItemGroup>
  <ItemGroup>
    <ResourceCompile Include="TRNGCE.rc" />
  </ItemGroup>
  <ItemGroup>
    <Filter Include="tomb4">
      <UniqueIdentifier>{a08dd1d4-bbc0-4af7-a7cd-0242f3ebd82b}</UniqueIdentifier>
    </Filter>
    <Filter Include="trng">
      <UniqueIdentifier>{8163c0a7-4c5a-40d0-ac99-bb58762a1214}</UniqueIdentifier>
    </Filter>
    <Filter Include="tomb4\game">
      <UniqueIdentifier>{3653bb14-2c62-4305-bd71-30178509951a}</UniqueIdentifier>
    </Filter>
    <Filter Include="tomb4\specific">
      <UniqueIdentifier>{96a11696-fb26-4e75-b3bb-ed95a56687ee}</UniqueIdentifier>
    </Filter>
    <Filter Include="flep">
      <UniqueIdentifier>{59080101-fe0c-4c60-8b30-63ee6360f2b9}</UniqueIdentifier>
    </Filter>
    <Filter Include="flep\patches">
      <UniqueIdentifier>{3582134a-9ba5-446e-838c-69668fc768f7}</UniqueIdentifier>
    </Filter>
    <Filter Include="plugin">
      <UniqueIdentifier>{4be0c22e-19b3-40b6-9703-be55d74fc3fa}</UniqueIdentifier>
    </Filter>
    <Filter Include="plugin\flycheat">
      <UniqueIdentifier>{220b5a95-e076-4bd0-9260-1a800ac7849b}</UniqueIdentifier>
    </Filter>
    <Filter Include="plugin\particlesystem">
      <UniqueIdentifier>{fb996682-58e0-46e0-aeae-1132a76207de}</UniqueIdentifier>
    </Filter>
    <Filter Include="plugin\particlesystem\trng">
      <UniqueIdentifier>{c4b4a360-7e37-4ec2-9276-7474d5aa4806}</UniqueIdentifier>
    </Filter>
  </ItemGroup>
</Project>